# @generated by Move, please check-in and do not edit manually.

[move]
version = 3
manifest_digest = "432A8225DC0FD8187C439C2989E0D175FAF6B17F6F3182403C9746338B11856D"
deps_digest = "CB99E3BEE139471F3765AE330F855F3B376156AA54F37DEDE11BBE5BB0D3BB74"
dependencies = [
  { id = "Bridge", name = "Bridge" },
  { id = "MoveStdlib", name = "MoveStdlib" },
  { id = "ScallopProtocol", name = "ScallopProtocol" },
  { id = "Sui", name = "Sui" },
  { id = "SuiSystem", name = "SuiSystem" },
  { id = "ZingBank", name = "ZingBank" },
  { id = "ZingFramework", name = "ZingFramework" },
  { id = "ZingVault", name = "ZingVault" },
  { id = "lending_core", name = "lending_core" },
  { id = "oracle", name = "oracle" },
]

[[move.package]]
id = "Bridge"
source = { git = "https://github.com/MystenLabs/sui.git", rev = "2cde80b5766b0bc2073908e10f6e3c81c93fd691", subdir = "crates/sui-framework/packages/bridge" }

dependencies = [
  { id = "MoveStdlib", name = "MoveStdlib" },
  { id = "Sui", name = "Sui" },
  { id = "SuiSystem", name = "SuiSystem" },
]

[[move.package]]
id = "CoinDecimalsRegistry"
source = { git = "https://github.com/scallop-io/sui-lending-protocol.git", rev = "main", subdir = "contracts/libs/coin_decimals_registry" }

dependencies = [
  { id = "Sui", name = "Sui" },
]

[[move.package]]
id = "Math"
source = { git = "https://github.com/scallop-io/sui-lending-protocol.git", rev = "main", subdir = "contracts/libs/math" }

dependencies = [
  { id = "Sui", name = "Sui" },
]

[[move.package]]
id = "MoveStdlib"
source = { git = "https://github.com/MystenLabs/sui.git", rev = "2cde80b5766b0bc2073908e10f6e3c81c93fd691", subdir = "crates/sui-framework/packages/move-stdlib" }

[[move.package]]
id = "Pyth"
source = { git = "https://github.com/naviprotocol/pyth-crosschain.git", rev = "navi-forked", subdir = "target_chains/sui/contracts" }

dependencies = [
  { id = "Sui", name = "Sui" },
  { id = "Wormhole", name = "Wormhole" },
]

[[move.package]]
id = "ScallopProtocol"
source = { git = "https://github.com/scallop-io/sui-lending-protocol.git", rev = "main", subdir = "contracts/protocol" }

dependencies = [
  { id = "CoinDecimalsRegistry", name = "CoinDecimalsRegistry" },
  { id = "Math", name = "Math" },
  { id = "Sui", name = "Sui" },
  { id = "Whitelist", name = "Whitelist" },
  { id = "X", name = "X" },
  { id = "XOracle", name = "XOracle" },
]

[[move.package]]
id = "Sui"
source = { git = "https://github.com/MystenLabs/sui.git", rev = "2cde80b5766b0bc2073908e10f6e3c81c93fd691", subdir = "crates/sui-framework/packages/sui-framework" }

dependencies = [
  { id = "MoveStdlib", name = "MoveStdlib" },
]

[[move.package]]
id = "SuiSystem"
source = { git = "https://github.com/MystenLabs/sui.git", rev = "2cde80b5766b0bc2073908e10f6e3c81c93fd691", subdir = "crates/sui-framework/packages/sui-system" }

dependencies = [
  { id = "MoveStdlib", name = "MoveStdlib" },
  { id = "Sui", name = "Sui" },
]

[[move.package]]
id = "SupraOracle"
source = { git = "https://github.com/naviprotocol/dora-interface.git", rev = "main", subdir = "sui/mainnet/supra_holder" }

dependencies = [
  { id = "Sui", name = "Sui" },
  { id = "supra_validator", name = "supra_validator" },
]

[[move.package]]
id = "Whitelist"
source = { git = "https://github.com/scallop-io/sui-lending-protocol.git", rev = "main", subdir = "contracts/libs/whitelist" }

dependencies = [
  { id = "Sui", name = "Sui" },
]

[[move.package]]
id = "Wormhole"
source = { git = "https://github.com/naviprotocol/wormhole.git", rev = "navi-forked", subdir = "sui/wormhole" }

dependencies = [
  { id = "Sui", name = "Sui" },
]

[[move.package]]
id = "X"
source = { git = "https://github.com/scallop-io/sui-lending-protocol.git", rev = "main", subdir = "contracts/libs/x" }

dependencies = [
  { id = "Sui", name = "Sui" },
]

[[move.package]]
id = "XOracle"
source = { git = "https://github.com/scallop-io/sui-lending-protocol.git", rev = "main", subdir = "contracts/sui_x_oracle/x_oracle" }

dependencies = [
  { id = "Sui", name = "Sui" },
]

[[move.package]]
id = "ZingBank"
source = { local = "../zing_bank" }

dependencies = [
  { id = "Bridge", name = "Bridge" },
  { id = "MoveStdlib", name = "MoveStdlib" },
  { id = "Sui", name = "Sui" },
  { id = "SuiSystem", name = "SuiSystem" },
  { id = "ZingFramework", name = "ZingFramework" },
  { id = "ZingVault", name = "ZingVault" },
]

[[move.package]]
id = "ZingFramework"
source = { local = "../zing_framework" }

dependencies = [
  { id = "Bridge", name = "Bridge" },
  { id = "MoveStdlib", name = "MoveStdlib" },
  { id = "Sui", name = "Sui" },
  { id = "SuiSystem", name = "SuiSystem" },
]

[[move.package]]
id = "ZingVault"
source = { local = "../zing_vault" }

dependencies = [
  { id = "Bridge", name = "Bridge" },
  { id = "MoveStdlib", name = "MoveStdlib" },
  { id = "Sui", name = "Sui" },
  { id = "SuiSystem", name = "SuiSystem" },
  { id = "ZingFramework", name = "ZingFramework" },
]

[[move.package]]
id = "lending_core"
source = { git = "https://github.com/Jarekkkkk/navi-interface.git", rev = "main", subdir = "lending_core" }

dependencies = [
  { id = "Sui", name = "Sui" },
  { id = "oracle", name = "oracle" },
  { id = "utils", name = "utils" },
]

[[move.package]]
id = "oracle"
source = { git = "https://github.com/Jarekkkkk/navi-interface.git", rev = "main", subdir = "oracle" }

dependencies = [
  { id = "Pyth", name = "Pyth" },
  { id = "Sui", name = "Sui" },
  { id = "SupraOracle", name = "SupraOracle" },
]

[[move.package]]
id = "supra_utils"
source = { git = "https://github.com/naviprotocol/dora-interface.git", rev = "main", subdir = "sui/mainnet/supra_utils" }

dependencies = [
  { id = "Sui", name = "Sui" },
]

[[move.package]]
id = "supra_validator"
source = { git = "https://github.com/naviprotocol/dora-interface.git", rev = "main", subdir = "sui/mainnet/supra_validator" }

dependencies = [
  { id = "Sui", name = "Sui" },
  { id = "supra_utils", name = "supra_utils" },
]

[[move.package]]
id = "utils"
source = { git = "https://github.com/Jarekkkkk/navi-interface.git", rev = "main", subdir = "utils" }

dependencies = [
  { id = "Sui", name = "Sui" },
]

[move.toolchain-version]
compiler-version = "1.55.0"
edition = "2024.beta"
flavor = "sui"

[env]

[env.mainnet]
chain-id = "35834a8a"
original-published-id = "0x21ad4f181d0ff8c73e119b070c6821edd86ca0456da6d038da17afb628128ec8"
latest-published-id = "0x21ad4f181d0ff8c73e119b070c6821edd86ca0456da6d038da17afb628128ec8"
published-version = "1"
